
Microsoft Visual Studio Solution File, Format Version 12.00
# Visual Studio 15
VisualStudioVersion = 15.0.28307.421
MinimumVisualStudioVersion = 10.0.40219.1
Project("{FAE04EC0-301F-11D3-BF4B-00C04F79EFBC}") = "ShopXam.Common", "ShopXam.Common\ShopXam.Common.csproj", "{4ACF7493-12D0-4CB5-B25E-CA9C7FE8AB99}"
EndProject
Project("{2150E333-8FDC-42A3-9474-1A3956D46DE8}") = "Backend", "Backend", "{27065F19-6D82-4DDA-9597-D6F241FE5BC4}"
EndProject
Project("{2150E333-8FDC-42A3-9474-1A3956D46DE8}") = "Frontend", "Frontend", "{ECD861D2-EF87-42F4-AE29-C7CBDFB9220C}"
EndProject
Project("{FAE04EC0-301F-11D3-BF4B-00C04F79EFBC}") = "ShopXam.Web", "ShopXam.Web\ShopXam.Web.csproj", "{42BD73FF-0518-48B8-885C-828C5A9B3C18}"
EndProject
Project("{2150E333-8FDC-42A3-9474-1A3956D46DE8}") = "Forms", "Forms", "{DEEC4CAE-277A-4422-AAC0-480E7FFD933F}"
EndProject
Project("{2150E333-8FDC-42A3-9474-1A3956D46DE8}") = "Classic", "Classic", "{907389ED-3A8C-4FB5-8286-C40C76FA1148}"
EndProject
Project("{FAE04EC0-301F-11D3-BF4B-00C04F79EFBC}") = "ShopXam.UIForms.Android", "ShopXam.UIForms\ShopXam.UIForms.Android\ShopXam.UIForms.Android.csproj", "{384FF463-CF7E-40D3-B1DB-A2DA7BDE97DF}"
EndProject
Project("{FAE04EC0-301F-11D3-BF4B-00C04F79EFBC}") = "ShopXam.UIForms.iOS", "ShopXam.UIForms\ShopXam.UIForms.iOS\ShopXam.UIForms.iOS.csproj", "{2D509A1F-344A-42BD-A7F0-C1EA25A2D4F7}"
EndProject
Project("{FAE04EC0-301F-11D3-BF4B-00C04F79EFBC}") = "ShopXam.UIForms", "ShopXam.UIForms\ShopXam.UIForms\ShopXam.UIForms.csproj", "{5BA6BFAE-6BF0-47B2-B956-E8A54A7771AD}"
EndProject
Project("{FAE04EC0-301F-11D3-BF4B-00C04F79EFBC}") = "ShopXam.UIClassic", "ShopXam.UIClassic\ShopXam.UIClassic.csproj", "{169C7EF2-474F-44E3-8F7E-2EA343FD4B44}"
EndProject
Project("{FAE04EC0-301F-11D3-BF4B-00C04F79EFBC}") = "ShopXam.UIClassic.Android", "ShopXam.UIClassic.Android\ShopXam.UIClassic.Android.csproj", "{43F864E3-AAA9-4B1F-98F5-00C555A546C4}"
EndProject
Project("{FAE04EC0-301F-11D3-BF4B-00C04F79EFBC}") = "ShopXam.UIClassic.iOS", "ShopXam.UIClassic.iOS\ShopXam.UIClassic.iOS.csproj", "{80A96B52-6758-4BDB-B0B4-CEA4CA155C60}"
EndProject
Global
	GlobalSection(SolutionConfigurationPlatforms) = preSolution
		Ad-Hoc|Any CPU = Ad-Hoc|Any CPU
		Ad-Hoc|iPhone = Ad-Hoc|iPhone
		Ad-Hoc|iPhoneSimulator = Ad-Hoc|iPhoneSimulator
		AppStore|Any CPU = AppStore|Any CPU
		AppStore|iPhone = AppStore|iPhone
		AppStore|iPhoneSimulator = AppStore|iPhoneSimulator
		Debug|Any CPU = Debug|Any CPU
		Debug|iPhone = Debug|iPhone
		Debug|iPhoneSimulator = Debug|iPhoneSimulator
		Release|Any CPU = Release|Any CPU
		Release|iPhone = Release|iPhone
		Release|iPhoneSimulator = Release|iPhoneSimulator
	EndGlobalSection
	GlobalSection(ProjectConfigurationPlatforms) = postSolution
		{4ACF7493-12D0-4CB5-B25E-CA9C7FE8AB99}.Ad-Hoc|Any CPU.ActiveCfg = Debug|Any CPU
		{4ACF7493-12D0-4CB5-B25E-CA9C7FE8AB99}.Ad-Hoc|Any CPU.Build.0 = Debug|Any CPU
		{4ACF7493-12D0-4CB5-B25E-CA9C7FE8AB99}.Ad-Hoc|iPhone.ActiveCfg = Debug|Any CPU
		{4ACF7493-12D0-4CB5-B25E-CA9C7FE8AB99}.Ad-Hoc|iPhone.Build.0 = Debug|Any CPU
		{4ACF7493-12D0-4CB5-B25E-CA9C7FE8AB99}.Ad-Hoc|iPhoneSimulator.ActiveCfg = Debug|Any CPU
		{4ACF7493-12D0-4CB5-B25E-CA9C7FE8AB99}.Ad-Hoc|iPhoneSimulator.Build.0 = Debug|Any CPU
		{4ACF7493-12D0-4CB5-B25E-CA9C7FE8AB99}.AppStore|Any CPU.ActiveCfg = Debug|Any CPU
		{4ACF7493-12D0-4CB5-B25E-CA9C7FE8AB99}.AppStore|Any CPU.Build.0 = Debug|Any CPU
		{4ACF7493-12D0-4CB5-B25E-CA9C7FE8AB99}.AppStore|iPhone.ActiveCfg = Debug|Any CPU
		{4ACF7493-12D0-4CB5-B25E-CA9C7FE8AB99}.AppStore|iPhone.Build.0 = Debug|Any CPU
		{4ACF7493-12D0-4CB5-B25E-CA9C7FE8AB99}.AppStore|iPhoneSimulator.ActiveCfg = Debug|Any CPU
		{4ACF7493-12D0-4CB5-B25E-CA9C7FE8AB99}.AppStore|iPhoneSimulator.Build.0 = Debug|Any CPU
		{4ACF7493-12D0-4CB5-B25E-CA9C7FE8AB99}.Debug|Any CPU.ActiveCfg = Debug|Any CPU
		{4ACF7493-12D0-4CB5-B25E-CA9C7FE8AB99}.Debug|Any CPU.Build.0 = Debug|Any CPU
		{4ACF7493-12D0-4CB5-B25E-CA9C7FE8AB99}.Debug|iPhone.ActiveCfg = Debug|Any CPU
		{4ACF7493-12D0-4CB5-B25E-CA9C7FE8AB99}.Debug|iPhone.Build.0 = Debug|Any CPU
		{4ACF7493-12D0-4CB5-B25E-CA9C7FE8AB99}.Debug|iPhoneSimulator.ActiveCfg = Debug|Any CPU
		{4ACF7493-12D0-4CB5-B25E-CA9C7FE8AB99}.Debug|iPhoneSimulator.Build.0 = Debug|Any CPU
		{4ACF7493-12D0-4CB5-B25E-CA9C7FE8AB99}.Release|Any CPU.ActiveCfg = Release|Any CPU
		{4ACF7493-12D0-4CB5-B25E-CA9C7FE8AB99}.Release|Any CPU.Build.0 = Release|Any CPU
		{4ACF7493-12D0-4CB5-B25E-CA9C7FE8AB99}.Release|iPhone.ActiveCfg = Release|Any CPU
		{4ACF7493-12D0-4CB5-B25E-CA9C7FE8AB99}.Release|iPhone.Build.0 = Release|Any CPU
		{4ACF7493-12D0-4CB5-B25E-CA9C7FE8AB99}.Release|iPhoneSimulator.ActiveCfg = Release|Any CPU
		{4ACF7493-12D0-4CB5-B25E-CA9C7FE8AB99}.Release|iPhoneSimulator.Build.0 = Release|Any CPU
		{42BD73FF-0518-48B8-885C-828C5A9B3C18}.Ad-Hoc|Any CPU.ActiveCfg = Debug|Any CPU
		{42BD73FF-0518-48B8-885C-828C5A9B3C18}.Ad-Hoc|Any CPU.Build.0 = Debug|Any CPU
		{42BD73FF-0518-48B8-885C-828C5A9B3C18}.Ad-Hoc|iPhone.ActiveCfg = Debug|Any CPU
		{42BD73FF-0518-48B8-885C-828C5A9B3C18}.Ad-Hoc|iPhone.Build.0 = Debug|Any CPU
		{42BD73FF-0518-48B8-885C-828C5A9B3C18}.Ad-Hoc|iPhoneSimulator.ActiveCfg = Debug|Any CPU
		{42BD73FF-0518-48B8-885C-828C5A9B3C18}.Ad-Hoc|iPhoneSimulator.Build.0 = Debug|Any CPU
		{42BD73FF-0518-48B8-885C-828C5A9B3C18}.AppStore|Any CPU.ActiveCfg = Debug|Any CPU
		{42BD73FF-0518-48B8-885C-828C5A9B3C18}.AppStore|Any CPU.Build.0 = Debug|Any CPU
		{42BD73FF-0518-48B8-885C-828C5A9B3C18}.AppStore|iPhone.ActiveCfg = Debug|Any CPU
		{42BD73FF-0518-48B8-885C-828C5A9B3C18}.AppStore|iPhone.Build.0 = Debug|Any CPU
		{42BD73FF-0518-48B8-885C-828C5A9B3C18}.AppStore|iPhoneSimulator.ActiveCfg = Debug|Any CPU
		{42BD73FF-0518-48B8-885C-828C5A9B3C18}.AppStore|iPhoneSimulator.Build.0 = Debug|Any CPU
		{42BD73FF-0518-48B8-885C-828C5A9B3C18}.Debug|Any CPU.ActiveCfg = Debug|Any CPU
		{42BD73FF-0518-48B8-885C-828C5A9B3C18}.Debug|Any CPU.Build.0 = Debug|Any CPU
		{42BD73FF-0518-48B8-885C-828C5A9B3C18}.Debug|iPhone.ActiveCfg = Debug|Any CPU
		{42BD73FF-0518-48B8-885C-828C5A9B3C18}.Debug|iPhone.Build.0 = Debug|Any CPU
		{42BD73FF-0518-48B8-885C-828C5A9B3C18}.Debug|iPhoneSimulator.ActiveCfg = Debug|Any CPU
		{42BD73FF-0518-48B8-885C-828C5A9B3C18}.Debug|iPhoneSimulator.Build.0 = Debug|Any CPU
		{42BD73FF-0518-48B8-885C-828C5A9B3C18}.Release|Any CPU.ActiveCfg = Release|Any CPU
		{42BD73FF-0518-48B8-885C-828C5A9B3C18}.Release|Any CPU.Build.0 = Release|Any CPU
		{42BD73FF-0518-48B8-885C-828C5A9B3C18}.Release|iPhone.ActiveCfg = Release|Any CPU
		{42BD73FF-0518-48B8-885C-828C5A9B3C18}.Release|iPhone.Build.0 = Release|Any CPU
		{42BD73FF-0518-48B8-885C-828C5A9B3C18}.Release|iPhoneSimulator.ActiveCfg = Release|Any CPU
		{42BD73FF-0518-48B8-885C-828C5A9B3C18}.Release|iPhoneSimulator.Build.0 = Release|Any CPU
		{384FF463-CF7E-40D3-B1DB-A2DA7BDE97DF}.Ad-Hoc|Any CPU.ActiveCfg = Release|Any CPU
		{384FF463-CF7E-40D3-B1DB-A2DA7BDE97DF}.Ad-Hoc|Any CPU.Build.0 = Release|Any CPU
		{384FF463-CF7E-40D3-B1DB-A2DA7BDE97DF}.Ad-Hoc|Any CPU.Deploy.0 = Release|Any CPU
		{384FF463-CF7E-40D3-B1DB-A2DA7BDE97DF}.Ad-Hoc|iPhone.ActiveCfg = Release|Any CPU
		{384FF463-CF7E-40D3-B1DB-A2DA7BDE97DF}.Ad-Hoc|iPhone.Build.0 = Release|Any CPU
		{384FF463-CF7E-40D3-B1DB-A2DA7BDE97DF}.Ad-Hoc|iPhone.Deploy.0 = Release|Any CPU
		{384FF463-CF7E-40D3-B1DB-A2DA7BDE97DF}.Ad-Hoc|iPhoneSimulator.ActiveCfg = Release|Any CPU
		{384FF463-CF7E-40D3-B1DB-A2DA7BDE97DF}.Ad-Hoc|iPhoneSimulator.Build.0 = Release|Any CPU
		{384FF463-CF7E-40D3-B1DB-A2DA7BDE97DF}.Ad-Hoc|iPhoneSimulator.Deploy.0 = Release|Any CPU
		{384FF463-CF7E-40D3-B1DB-A2DA7BDE97DF}.AppStore|Any CPU.ActiveCfg = Release|Any CPU
		{384FF463-CF7E-40D3-B1DB-A2DA7BDE97DF}.AppStore|Any CPU.Build.0 = Release|Any CPU
		{384FF463-CF7E-40D3-B1DB-A2DA7BDE97DF}.AppStore|Any CPU.Deploy.0 = Release|Any CPU
		{384FF463-CF7E-40D3-B1DB-A2DA7BDE97DF}.AppStore|iPhone.ActiveCfg = Release|Any CPU
		{384FF463-CF7E-40D3-B1DB-A2DA7BDE97DF}.AppStore|iPhone.Build.0 = Release|Any CPU
		{384FF463-CF7E-40D3-B1DB-A2DA7BDE97DF}.AppStore|iPhone.Deploy.0 = Release|Any CPU
		{384FF463-CF7E-40D3-B1DB-A2DA7BDE97DF}.AppStore|iPhoneSimulator.ActiveCfg = Release|Any CPU
		{384FF463-CF7E-40D3-B1DB-A2DA7BDE97DF}.AppStore|iPhoneSimulator.Build.0 = Release|Any CPU
		{384FF463-CF7E-40D3-B1DB-A2DA7BDE97DF}.AppStore|iPhoneSimulator.Deploy.0 = Release|Any CPU
		{384FF463-CF7E-40D3-B1DB-A2DA7BDE97DF}.Debug|Any CPU.ActiveCfg = Debug|Any CPU
		{384FF463-CF7E-40D3-B1DB-A2DA7BDE97DF}.Debug|Any CPU.Build.0 = Debug|Any CPU
		{384FF463-CF7E-40D3-B1DB-A2DA7BDE97DF}.Debug|Any CPU.Deploy.0 = Debug|Any CPU
		{384FF463-CF7E-40D3-B1DB-A2DA7BDE97DF}.Debug|iPhone.ActiveCfg = Debug|Any CPU
		{384FF463-CF7E-40D3-B1DB-A2DA7BDE97DF}.Debug|iPhone.Build.0 = Debug|Any CPU
		{384FF463-CF7E-40D3-B1DB-A2DA7BDE97DF}.Debug|iPhone.Deploy.0 = Debug|Any CPU
		{384FF463-CF7E-40D3-B1DB-A2DA7BDE97DF}.Debug|iPhoneSimulator.ActiveCfg = Debug|Any CPU
		{384FF463-CF7E-40D3-B1DB-A2DA7BDE97DF}.Debug|iPhoneSimulator.Build.0 = Debug|Any CPU
		{384FF463-CF7E-40D3-B1DB-A2DA7BDE97DF}.Debug|iPhoneSimulator.Deploy.0 = Debug|Any CPU
		{384FF463-CF7E-40D3-B1DB-A2DA7BDE97DF}.Release|Any CPU.ActiveCfg = Release|Any CPU
		{384FF463-CF7E-40D3-B1DB-A2DA7BDE97DF}.Release|Any CPU.Build.0 = Release|Any CPU
		{384FF463-CF7E-40D3-B1DB-A2DA7BDE97DF}.Release|Any CPU.Deploy.0 = Release|Any CPU
		{384FF463-CF7E-40D3-B1DB-A2DA7BDE97DF}.Release|iPhone.ActiveCfg = Release|Any CPU
		{384FF463-CF7E-40D3-B1DB-A2DA7BDE97DF}.Release|iPhone.Build.0 = Release|Any CPU
		{384FF463-CF7E-40D3-B1DB-A2DA7BDE97DF}.Release|iPhone.Deploy.0 = Release|Any CPU
		{384FF463-CF7E-40D3-B1DB-A2DA7BDE97DF}.Release|iPhoneSimulator.ActiveCfg = Release|Any CPU
		{384FF463-CF7E-40D3-B1DB-A2DA7BDE97DF}.Release|iPhoneSimulator.Build.0 = Release|Any CPU
		{384FF463-CF7E-40D3-B1DB-A2DA7BDE97DF}.Release|iPhoneSimulator.Deploy.0 = Release|Any CPU
		{2D509A1F-344A-42BD-A7F0-C1EA25A2D4F7}.Ad-Hoc|Any CPU.ActiveCfg = Ad-Hoc|iPhone
		{2D509A1F-344A-42BD-A7F0-C1EA25A2D4F7}.Ad-Hoc|iPhone.ActiveCfg = Ad-Hoc|iPhone
		{2D509A1F-344A-42BD-A7F0-C1EA25A2D4F7}.Ad-Hoc|iPhone.Build.0 = Ad-Hoc|iPhone
		{2D509A1F-344A-42BD-A7F0-C1EA25A2D4F7}.Ad-Hoc|iPhoneSimulator.ActiveCfg = Ad-Hoc|iPhoneSimulator
		{2D509A1F-344A-42BD-A7F0-C1EA25A2D4F7}.Ad-Hoc|iPhoneSimulator.Build.0 = Ad-Hoc|iPhoneSimulator
		{2D509A1F-344A-42BD-A7F0-C1EA25A2D4F7}.AppStore|Any CPU.ActiveCfg = AppStore|iPhone
		{2D509A1F-344A-42BD-A7F0-C1EA25A2D4F7}.AppStore|iPhone.ActiveCfg = AppStore|iPhone
		{2D509A1F-344A-42BD-A7F0-C1EA25A2D4F7}.AppStore|iPhone.Build.0 = AppStore|iPhone
		{2D509A1F-344A-42BD-A7F0-C1EA25A2D4F7}.AppStore|iPhoneSimulator.ActiveCfg = AppStore|iPhoneSimulator
		{2D509A1F-344A-42BD-A7F0-C1EA25A2D4F7}.AppStore|iPhoneSimulator.Build.0 = AppStore|iPhoneSimulator
		{2D509A1F-344A-42BD-A7F0-C1EA25A2D4F7}.Debug|Any CPU.ActiveCfg = Debug|iPhone
		{2D509A1F-344A-42BD-A7F0-C1EA25A2D4F7}.Debug|iPhone.ActiveCfg = Debug|iPhone
		{2D509A1F-344A-42BD-A7F0-C1EA25A2D4F7}.Debug|iPhone.Build.0 = Debug|iPhone
		{2D509A1F-344A-42BD-A7F0-C1EA25A2D4F7}.Debug|iPhoneSimulator.ActiveCfg = Debug|iPhoneSimulator
		{2D509A1F-344A-42BD-A7F0-C1EA25A2D4F7}.Debug|iPhoneSimulator.Build.0 = Debug|iPhoneSimulator
		{2D509A1F-344A-42BD-A7F0-C1EA25A2D4F7}.Release|Any CPU.ActiveCfg = Release|iPhone
		{2D509A1F-344A-42BD-A7F0-C1EA25A2D4F7}.Release|iPhone.ActiveCfg = Release|iPhone
		{2D509A1F-344A-42BD-A7F0-C1EA25A2D4F7}.Release|iPhone.Build.0 = Release|iPhone
		{2D509A1F-344A-42BD-A7F0-C1EA25A2D4F7}.Release|iPhoneSimulator.ActiveCfg = Release|iPhoneSimulator
		{2D509A1F-344A-42BD-A7F0-C1EA25A2D4F7}.Release|iPhoneSimulator.Build.0 = Release|iPhoneSimulator
		{5BA6BFAE-6BF0-47B2-B956-E8A54A7771AD}.Ad-Hoc|Any CPU.ActiveCfg = Debug|Any CPU
		{5BA6BFAE-6BF0-47B2-B956-E8A54A7771AD}.Ad-Hoc|Any CPU.Build.0 = Debug|Any CPU
		{5BA6BFAE-6BF0-47B2-B956-E8A54A7771AD}.Ad-Hoc|iPhone.ActiveCfg = Debug|Any CPU
		{5BA6BFAE-6BF0-47B2-B956-E8A54A7771AD}.Ad-Hoc|iPhone.Build.0 = Debug|Any CPU
		{5BA6BFAE-6BF0-47B2-B956-E8A54A7771AD}.Ad-Hoc|iPhoneSimulator.ActiveCfg = Debug|Any CPU
		{5BA6BFAE-6BF0-47B2-B956-E8A54A7771AD}.Ad-Hoc|iPhoneSimulator.Build.0 = Debug|Any CPU
		{5BA6BFAE-6BF0-47B2-B956-E8A54A7771AD}.AppStore|Any CPU.ActiveCfg = Debug|Any CPU
		{5BA6BFAE-6BF0-47B2-B956-E8A54A7771AD}.AppStore|Any CPU.Build.0 = Debug|Any CPU
		{5BA6BFAE-6BF0-47B2-B956-E8A54A7771AD}.AppStore|iPhone.ActiveCfg = Debug|Any CPU
		{5BA6BFAE-6BF0-47B2-B956-E8A54A7771AD}.AppStore|iPhone.Build.0 = Debug|Any CPU
		{5BA6BFAE-6BF0-47B2-B956-E8A54A7771AD}.AppStore|iPhoneSimulator.ActiveCfg = Debug|Any CPU
		{5BA6BFAE-6BF0-47B2-B956-E8A54A7771AD}.AppStore|iPhoneSimulator.Build.0 = Debug|Any CPU
		{5BA6BFAE-6BF0-47B2-B956-E8A54A7771AD}.Debug|Any CPU.ActiveCfg = Debug|Any CPU
		{5BA6BFAE-6BF0-47B2-B956-E8A54A7771AD}.Debug|Any CPU.Build.0 = Debug|Any CPU
		{5BA6BFAE-6BF0-47B2-B956-E8A54A7771AD}.Debug|iPhone.ActiveCfg = Debug|Any CPU
		{5BA6BFAE-6BF0-47B2-B956-E8A54A7771AD}.Debug|iPhone.Build.0 = Debug|Any CPU
		{5BA6BFAE-6BF0-47B2-B956-E8A54A7771AD}.Debug|iPhoneSimulator.ActiveCfg = Debug|Any CPU
		{5BA6BFAE-6BF0-47B2-B956-E8A54A7771AD}.Debug|iPhoneSimulator.Build.0 = Debug|Any CPU
		{5BA6BFAE-6BF0-47B2-B956-E8A54A7771AD}.Release|Any CPU.ActiveCfg = Release|Any CPU
		{5BA6BFAE-6BF0-47B2-B956-E8A54A7771AD}.Release|Any CPU.Build.0 = Release|Any CPU
		{5BA6BFAE-6BF0-47B2-B956-E8A54A7771AD}.Release|iPhone.ActiveCfg = Release|Any CPU
		{5BA6BFAE-6BF0-47B2-B956-E8A54A7771AD}.Release|iPhone.Build.0 = Release|Any CPU
		{5BA6BFAE-6BF0-47B2-B956-E8A54A7771AD}.Release|iPhoneSimulator.ActiveCfg = Release|Any CPU
		{5BA6BFAE-6BF0-47B2-B956-E8A54A7771AD}.Release|iPhoneSimulator.Build.0 = Release|Any CPU
		{169C7EF2-474F-44E3-8F7E-2EA343FD4B44}.Ad-Hoc|Any CPU.ActiveCfg = Debug|Any CPU
		{169C7EF2-474F-44E3-8F7E-2EA343FD4B44}.Ad-Hoc|Any CPU.Build.0 = Debug|Any CPU
		{169C7EF2-474F-44E3-8F7E-2EA343FD4B44}.Ad-Hoc|iPhone.ActiveCfg = Debug|Any CPU
		{169C7EF2-474F-44E3-8F7E-2EA343FD4B44}.Ad-Hoc|iPhone.Build.0 = Debug|Any CPU
		{169C7EF2-474F-44E3-8F7E-2EA343FD4B44}.Ad-Hoc|iPhoneSimulator.ActiveCfg = Debug|Any CPU
		{169C7EF2-474F-44E3-8F7E-2EA343FD4B44}.Ad-Hoc|iPhoneSimulator.Build.0 = Debug|Any CPU
		{169C7EF2-474F-44E3-8F7E-2EA343FD4B44}.AppStore|Any CPU.ActiveCfg = Debug|Any CPU
		{169C7EF2-474F-44E3-8F7E-2EA343FD4B44}.AppStore|Any CPU.Build.0 = Debug|Any CPU
		{169C7EF2-474F-44E3-8F7E-2EA343FD4B44}.AppStore|iPhone.ActiveCfg = Debug|Any CPU
		{169C7EF2-474F-44E3-8F7E-2EA343FD4B44}.AppStore|iPhone.Build.0 = Debug|Any CPU
		{169C7EF2-474F-44E3-8F7E-2EA343FD4B44}.AppStore|iPhoneSimulator.ActiveCfg = Debug|Any CPU
		{169C7EF2-474F-44E3-8F7E-2EA343FD4B44}.AppStore|iPhoneSimulator.Build.0 = Debug|Any CPU
		{169C7EF2-474F-44E3-8F7E-2EA343FD4B44}.Debug|Any CPU.ActiveCfg = Debug|Any CPU
		{169C7EF2-474F-44E3-8F7E-2EA343FD4B44}.Debug|Any CPU.Build.0 = Debug|Any CPU
		{169C7EF2-474F-44E3-8F7E-2EA343FD4B44}.Debug|iPhone.ActiveCfg = Debug|Any CPU
		{169C7EF2-474F-44E3-8F7E-2EA343FD4B44}.Debug|iPhone.Build.0 = Debug|Any CPU
		{169C7EF2-474F-44E3-8F7E-2EA343FD4B44}.Debug|iPhoneSimulator.ActiveCfg = Debug|Any CPU
		{169C7EF2-474F-44E3-8F7E-2EA343FD4B44}.Debug|iPhoneSimulator.Build.0 = Debug|Any CPU
		{169C7EF2-474F-44E3-8F7E-2EA343FD4B44}.Release|Any CPU.ActiveCfg = Release|Any CPU
		{169C7EF2-474F-44E3-8F7E-2EA343FD4B44}.Release|Any CPU.Build.0 = Release|Any CPU
		{169C7EF2-474F-44E3-8F7E-2EA343FD4B44}.Release|iPhone.ActiveCfg = Release|Any CPU
		{169C7EF2-474F-44E3-8F7E-2EA343FD4B44}.Release|iPhone.Build.0 = Release|Any CPU
		{169C7EF2-474F-44E3-8F7E-2EA343FD4B44}.Release|iPhoneSimulator.ActiveCfg = Release|Any CPU
		{169C7EF2-474F-44E3-8F7E-2EA343FD4B44}.Release|iPhoneSimulator.Build.0 = Release|Any CPU
		{43F864E3-AAA9-4B1F-98F5-00C555A546C4}.Ad-Hoc|Any CPU.ActiveCfg = Release|Any CPU
		{43F864E3-AAA9-4B1F-98F5-00C555A546C4}.Ad-Hoc|Any CPU.Build.0 = Release|Any CPU
		{43F864E3-AAA9-4B1F-98F5-00C555A546C4}.Ad-Hoc|Any CPU.Deploy.0 = Release|Any CPU
		{43F864E3-AAA9-4B1F-98F5-00C555A546C4}.Ad-Hoc|iPhone.ActiveCfg = Release|Any CPU
		{43F864E3-AAA9-4B1F-98F5-00C555A546C4}.Ad-Hoc|iPhone.Build.0 = Release|Any CPU
		{43F864E3-AAA9-4B1F-98F5-00C555A546C4}.Ad-Hoc|iPhone.Deploy.0 = Release|Any CPU
		{43F864E3-AAA9-4B1F-98F5-00C555A546C4}.Ad-Hoc|iPhoneSimulator.ActiveCfg = Release|Any CPU
		{43F864E3-AAA9-4B1F-98F5-00C555A546C4}.Ad-Hoc|iPhoneSimulator.Build.0 = Release|Any CPU
		{43F864E3-AAA9-4B1F-98F5-00C555A546C4}.Ad-Hoc|iPhoneSimulator.Deploy.0 = Release|Any CPU
		{43F864E3-AAA9-4B1F-98F5-00C555A546C4}.AppStore|Any CPU.ActiveCfg = Release|Any CPU
		{43F864E3-AAA9-4B1F-98F5-00C555A546C4}.AppStore|Any CPU.Build.0 = Release|Any CPU
		{43F864E3-AAA9-4B1F-98F5-00C555A546C4}.AppStore|Any CPU.Deploy.0 = Release|Any CPU
		{43F864E3-AAA9-4B1F-98F5-00C555A546C4}.AppStore|iPhone.ActiveCfg = Release|Any CPU
		{43F864E3-AAA9-4B1F-98F5-00C555A546C4}.AppStore|iPhone.Build.0 = Release|Any CPU
		{43F864E3-AAA9-4B1F-98F5-00C555A546C4}.AppStore|iPhone.Deploy.0 = Release|Any CPU
		{43F864E3-AAA9-4B1F-98F5-00C555A546C4}.AppStore|iPhoneSimulator.ActiveCfg = Release|Any CPU
		{43F864E3-AAA9-4B1F-98F5-00C555A546C4}.AppStore|iPhoneSimulator.Build.0 = Release|Any CPU
		{43F864E3-AAA9-4B1F-98F5-00C555A546C4}.AppStore|iPhoneSimulator.Deploy.0 = Release|Any CPU
		{43F864E3-AAA9-4B1F-98F5-00C555A546C4}.Debug|Any CPU.ActiveCfg = Debug|Any CPU
		{43F864E3-AAA9-4B1F-98F5-00C555A546C4}.Debug|Any CPU.Build.0 = Debug|Any CPU
		{43F864E3-AAA9-4B1F-98F5-00C555A546C4}.Debug|Any CPU.Deploy.0 = Debug|Any CPU
		{43F864E3-AAA9-4B1F-98F5-00C555A546C4}.Debug|iPhone.ActiveCfg = Debug|Any CPU
		{43F864E3-AAA9-4B1F-98F5-00C555A546C4}.Debug|iPhone.Build.0 = Debug|Any CPU
		{43F864E3-AAA9-4B1F-98F5-00C555A546C4}.Debug|iPhone.Deploy.0 = Debug|Any CPU
		{43F864E3-AAA9-4B1F-98F5-00C555A546C4}.Debug|iPhoneSimulator.ActiveCfg = Debug|Any CPU
		{43F864E3-AAA9-4B1F-98F5-00C555A546C4}.Debug|iPhoneSimulator.Build.0 = Debug|Any CPU
		{43F864E3-AAA9-4B1F-98F5-00C555A546C4}.Debug|iPhoneSimulator.Deploy.0 = Debug|Any CPU
		{43F864E3-AAA9-4B1F-98F5-00C555A546C4}.Release|Any CPU.ActiveCfg = Release|Any CPU
		{43F864E3-AAA9-4B1F-98F5-00C555A546C4}.Release|Any CPU.Build.0 = Release|Any CPU
		{43F864E3-AAA9-4B1F-98F5-00C555A546C4}.Release|Any CPU.Deploy.0 = Release|Any CPU
		{43F864E3-AAA9-4B1F-98F5-00C555A546C4}.Release|iPhone.ActiveCfg = Release|Any CPU
		{43F864E3-AAA9-4B1F-98F5-00C555A546C4}.Release|iPhone.Build.0 = Release|Any CPU
		{43F864E3-AAA9-4B1F-98F5-00C555A546C4}.Release|iPhone.Deploy.0 = Release|Any CPU
		{43F864E3-AAA9-4B1F-98F5-00C555A546C4}.Release|iPhoneSimulator.ActiveCfg = Release|Any CPU
		{43F864E3-AAA9-4B1F-98F5-00C555A546C4}.Release|iPhoneSimulator.Build.0 = Release|Any CPU
		{43F864E3-AAA9-4B1F-98F5-00C555A546C4}.Release|iPhoneSimulator.Deploy.0 = Release|Any CPU
		{80A96B52-6758-4BDB-B0B4-CEA4CA155C60}.Ad-Hoc|Any CPU.ActiveCfg = Release|iPhone
		{80A96B52-6758-4BDB-B0B4-CEA4CA155C60}.Ad-Hoc|Any CPU.Build.0 = Release|iPhone
		{80A96B52-6758-4BDB-B0B4-CEA4CA155C60}.Ad-Hoc|iPhone.ActiveCfg = Release|iPhone
		{80A96B52-6758-4BDB-B0B4-CEA4CA155C60}.Ad-Hoc|iPhone.Build.0 = Release|iPhone
		{80A96B52-6758-4BDB-B0B4-CEA4CA155C60}.Ad-Hoc|iPhoneSimulator.ActiveCfg = Release|iPhoneSimulator
		{80A96B52-6758-4BDB-B0B4-CEA4CA155C60}.Ad-Hoc|iPhoneSimulator.Build.0 = Release|iPhoneSimulator
		{80A96B52-6758-4BDB-B0B4-CEA4CA155C60}.AppStore|Any CPU.ActiveCfg = Release|iPhone
		{80A96B52-6758-4BDB-B0B4-CEA4CA155C60}.AppStore|Any CPU.Build.0 = Release|iPhone
		{80A96B52-6758-4BDB-B0B4-CEA4CA155C60}.AppStore|iPhone.ActiveCfg = Release|iPhone
		{80A96B52-6758-4BDB-B0B4-CEA4CA155C60}.AppStore|iPhone.Build.0 = Release|iPhone
		{80A96B52-6758-4BDB-B0B4-CEA4CA155C60}.AppStore|iPhoneSimulator.ActiveCfg = Release|iPhoneSimulator
		{80A96B52-6758-4BDB-B0B4-CEA4CA155C60}.AppStore|iPhoneSimulator.Build.0 = Release|iPhoneSimulator
		{80A96B52-6758-4BDB-B0B4-CEA4CA155C60}.Debug|Any CPU.ActiveCfg = Debug|iPhone
		{80A96B52-6758-4BDB-B0B4-CEA4CA155C60}.Debug|iPhone.ActiveCfg = Debug|iPhone
		{80A96B52-6758-4BDB-B0B4-CEA4CA155C60}.Debug|iPhone.Build.0 = Debug|iPhone
		{80A96B52-6758-4BDB-B0B4-CEA4CA155C60}.Debug|iPhoneSimulator.ActiveCfg = Debug|iPhoneSimulator
		{80A96B52-6758-4BDB-B0B4-CEA4CA155C60}.Debug|iPhoneSimulator.Build.0 = Debug|iPhoneSimulator
		{80A96B52-6758-4BDB-B0B4-CEA4CA155C60}.Release|Any CPU.ActiveCfg = Release|iPhone
		{80A96B52-6758-4BDB-B0B4-CEA4CA155C60}.Release|iPhone.ActiveCfg = Release|iPhone
		{80A96B52-6758-4BDB-B0B4-CEA4CA155C60}.Release|iPhone.Build.0 = Release|iPhone
		{80A96B52-6758-4BDB-B0B4-CEA4CA155C60}.Release|iPhoneSimulator.ActiveCfg = Release|iPhoneSimulator
		{80A96B52-6758-4BDB-B0B4-CEA4CA155C60}.Release|iPhoneSimulator.Build.0 = Release|iPhoneSimulator
	EndGlobalSection
	GlobalSection(SolutionProperties) = preSolution
		HideSolutionNode = FALSE
	EndGlobalSection
	GlobalSection(NestedProjects) = preSolution
		{42BD73FF-0518-48B8-885C-828C5A9B3C18} = {27065F19-6D82-4DDA-9597-D6F241FE5BC4}
		{DEEC4CAE-277A-4422-AAC0-480E7FFD933F} = {ECD861D2-EF87-42F4-AE29-C7CBDFB9220C}
		{907389ED-3A8C-4FB5-8286-C40C76FA1148} = {ECD861D2-EF87-42F4-AE29-C7CBDFB9220C}
		{384FF463-CF7E-40D3-B1DB-A2DA7BDE97DF} = {DEEC4CAE-277A-4422-AAC0-480E7FFD933F}
		{2D509A1F-344A-42BD-A7F0-C1EA25A2D4F7} = {DEEC4CAE-277A-4422-AAC0-480E7FFD933F}
		{5BA6BFAE-6BF0-47B2-B956-E8A54A7771AD} = {DEEC4CAE-277A-4422-AAC0-480E7FFD933F}
		{169C7EF2-474F-44E3-8F7E-2EA343FD4B44} = {907389ED-3A8C-4FB5-8286-C40C76FA1148}
		{43F864E3-AAA9-4B1F-98F5-00C555A546C4} = {907389ED-3A8C-4FB5-8286-C40C76FA1148}
		{80A96B52-6758-4BDB-B0B4-CEA4CA155C60} = {907389ED-3A8C-4FB5-8286-C40C76FA1148}
	EndGlobalSection
	GlobalSection(ExtensibilityGlobals) = postSolution
		SolutionGuid = {614EC788-D3A0-40F9-849C-DB2BB80BF9EF}
	EndGlobalSection
EndGlobal
